
Microsoft Visual Studio Solution File, Format Version 12.00
# Visual Studio Version 16
VisualStudioVersion = 16.0.31624.102
MinimumVisualStudioVersion = 10.0.40219.1
Project("{2150E333-8FDC-42A3-9474-1A3956D46DE8}") = "01 -Ciclo de Vida de Objetos", "01 -Ciclo de Vida de Objetos", "{281F7115-54EE-4ECF-A092-60FD2CA45BE5}"
EndProject
Project("{9A19103F-16F7-4668-BE54-9A1E7A4F7556}") = "01.1.TiposdeValor", "01.1.TiposdeValor\01.1.TiposdeValor.csproj", "{A6425BCC-749B-4A79-8DF6-CD9C13B7B6CF}"
EndProject
Project("{9A19103F-16F7-4668-BE54-9A1E7A4F7556}") = "01.2.TiposDeReferencia", "01.2.TiposDeReferencia\01.2.TiposDeReferencia.csproj", "{0D6F513F-EB2D-45B5-B9BA-87F88CB06B58}"
EndProject
Project("{9A19103F-16F7-4668-BE54-9A1E7A4F7556}") = "01.3.Finalizador", "01.3.Finalizador\01.3.Finalizador.csproj", "{D8027359-7CE7-4D1D-993D-46C1E4F97C69}"
EndProject
Project("{9A19103F-16F7-4668-BE54-9A1E7A4F7556}") = "01.4IDisposable", "01.4IDisposable\01.4IDisposable.csproj", "{5D7A4B15-1AAB-4CDF-B472-5C74515365F2}"
EndProject
Project("{2150E333-8FDC-42A3-9474-1A3956D46DE8}") = "item 02", "item 02", "{2DADAB87-8454-4A2B-AD13-C7F2CC553D16}"
EndProject
Project("{FAE04EC0-301F-11D3-BF4B-00C04F79EFBC}") = "02.1.string builder", "02.1.string builder\02.1.string builder.csproj", "{391B63AD-9B6E-413F-9A4F-3C608117755C}"
EndProject
Project("{FAE04EC0-301F-11D3-BF4B-00C04F79EFBC}") = "02.2.string reader", "02.2.string reader\02.2.string reader.csproj", "{86EEDE30-1967-4A4D-883B-897206EB02C6}"
EndProject
Project("{FAE04EC0-301F-11D3-BF4B-00C04F79EFBC}") = "02.3.string writer", "02.3.string writer\02.3.string writer.csproj", "{98DC4402-E839-4899-AF6B-92558D5AB064}"
EndProject
Project("{FAE04EC0-301F-11D3-BF4B-00C04F79EFBC}") = "02.4.pesquisa", "02.4.pesquisa\02.4.pesquisa.csproj", "{7B874533-BF42-482F-92ED-443474C63D96}"
EndProject
Project("{FAE04EC0-301F-11D3-BF4B-00C04F79EFBC}") = "02.5.enumerar", "02.5.enumerar\02.5.enumerar.csproj", "{140DBD23-3187-43B3-8D89-31D754F239AC}"
EndProject
Project("{FAE04EC0-301F-11D3-BF4B-00C04F79EFBC}") = "02.6.formatar", "02.6.formatar\02.6.formatar.csproj", "{A191824F-4F69-49BF-B0CE-D5E6CA21BC0B}"
EndProject
Project("{FAE04EC0-301F-11D3-BF4B-00C04F79EFBC}") = "02.7 interpolacao", "02.7 interpolacao\02.7 interpolacao.csproj", "{8B517615-6402-4E87-B20B-4345181109E8}"
EndProject
Global
	GlobalSection(SolutionConfigurationPlatforms) = preSolution
		Debug|Any CPU = Debug|Any CPU
		Release|Any CPU = Release|Any CPU
	EndGlobalSection
	GlobalSection(ProjectConfigurationPlatforms) = postSolution
		{A6425BCC-749B-4A79-8DF6-CD9C13B7B6CF}.Debug|Any CPU.ActiveCfg = Debug|Any CPU
		{A6425BCC-749B-4A79-8DF6-CD9C13B7B6CF}.Debug|Any CPU.Build.0 = Debug|Any CPU
		{A6425BCC-749B-4A79-8DF6-CD9C13B7B6CF}.Release|Any CPU.ActiveCfg = Release|Any CPU
		{A6425BCC-749B-4A79-8DF6-CD9C13B7B6CF}.Release|Any CPU.Build.0 = Release|Any CPU
		{0D6F513F-EB2D-45B5-B9BA-87F88CB06B58}.Debug|Any CPU.ActiveCfg = Debug|Any CPU
		{0D6F513F-EB2D-45B5-B9BA-87F88CB06B58}.Debug|Any CPU.Build.0 = Debug|Any CPU
		{0D6F513F-EB2D-45B5-B9BA-87F88CB06B58}.Release|Any CPU.ActiveCfg = Release|Any CPU
		{0D6F513F-EB2D-45B5-B9BA-87F88CB06B58}.Release|Any CPU.Build.0 = Release|Any CPU
		{D8027359-7CE7-4D1D-993D-46C1E4F97C69}.Debug|Any CPU.ActiveCfg = Debug|Any CPU
		{D8027359-7CE7-4D1D-993D-46C1E4F97C69}.Debug|Any CPU.Build.0 = Debug|Any CPU
		{D8027359-7CE7-4D1D-993D-46C1E4F97C69}.Release|Any CPU.ActiveCfg = Release|Any CPU
		{D8027359-7CE7-4D1D-993D-46C1E4F97C69}.Release|Any CPU.Build.0 = Release|Any CPU
		{5D7A4B15-1AAB-4CDF-B472-5C74515365F2}.Debug|Any CPU.ActiveCfg = Debug|Any CPU
		{5D7A4B15-1AAB-4CDF-B472-5C74515365F2}.Debug|Any CPU.Build.0 = Debug|Any CPU
		{5D7A4B15-1AAB-4CDF-B472-5C74515365F2}.Release|Any CPU.ActiveCfg = Release|Any CPU
		{5D7A4B15-1AAB-4CDF-B472-5C74515365F2}.Release|Any CPU.Build.0 = Release|Any CPU
		{391B63AD-9B6E-413F-9A4F-3C608117755C}.Debug|Any CPU.ActiveCfg = Debug|Any CPU
		{391B63AD-9B6E-413F-9A4F-3C608117755C}.Debug|Any CPU.Build.0 = Debug|Any CPU
		{391B63AD-9B6E-413F-9A4F-3C608117755C}.Release|Any CPU.ActiveCfg = Release|Any CPU
		{391B63AD-9B6E-413F-9A4F-3C608117755C}.Release|Any CPU.Build.0 = Release|Any CPU
		{86EEDE30-1967-4A4D-883B-897206EB02C6}.Debug|Any CPU.ActiveCfg = Debug|Any CPU
		{86EEDE30-1967-4A4D-883B-897206EB02C6}.Debug|Any CPU.Build.0 = Debug|Any CPU
		{86EEDE30-1967-4A4D-883B-897206EB02C6}.Release|Any CPU.ActiveCfg = Release|Any CPU
		{86EEDE30-1967-4A4D-883B-897206EB02C6}.Release|Any CPU.Build.0 = Release|Any CPU
		{98DC4402-E839-4899-AF6B-92558D5AB064}.Debug|Any CPU.ActiveCfg = Debug|Any CPU
		{98DC4402-E839-4899-AF6B-92558D5AB064}.Debug|Any CPU.Build.0 = Debug|Any CPU
		{98DC4402-E839-4899-AF6B-92558D5AB064}.Release|Any CPU.ActiveCfg = Release|Any CPU
		{98DC4402-E839-4899-AF6B-92558D5AB064}.Release|Any CPU.Build.0 = Release|Any CPU
		{7B874533-BF42-482F-92ED-443474C63D96}.Debug|Any CPU.ActiveCfg = Debug|Any CPU
		{7B874533-BF42-482F-92ED-443474C63D96}.Debug|Any CPU.Build.0 = Debug|Any CPU
		{7B874533-BF42-482F-92ED-443474C63D96}.Release|Any CPU.ActiveCfg = Release|Any CPU
		{7B874533-BF42-482F-92ED-443474C63D96}.Release|Any CPU.Build.0 = Release|Any CPU
		{140DBD23-3187-43B3-8D89-31D754F239AC}.Debug|Any CPU.ActiveCfg = Debug|Any CPU
		{140DBD23-3187-43B3-8D89-31D754F239AC}.Debug|Any CPU.Build.0 = Debug|Any CPU
		{140DBD23-3187-43B3-8D89-31D754F239AC}.Release|Any CPU.ActiveCfg = Release|Any CPU
		{140DBD23-3187-43B3-8D89-31D754F239AC}.Release|Any CPU.Build.0 = Release|Any CPU
		{A191824F-4F69-49BF-B0CE-D5E6CA21BC0B}.Debug|Any CPU.ActiveCfg = Debug|Any CPU
		{A191824F-4F69-49BF-B0CE-D5E6CA21BC0B}.Debug|Any CPU.Build.0 = Debug|Any CPU
		{A191824F-4F69-49BF-B0CE-D5E6CA21BC0B}.Release|Any CPU.ActiveCfg = Release|Any CPU
		{A191824F-4F69-49BF-B0CE-D5E6CA21BC0B}.Release|Any CPU.Build.0 = Release|Any CPU
		{8B517615-6402-4E87-B20B-4345181109E8}.Debug|Any CPU.ActiveCfg = Debug|Any CPU
		{8B517615-6402-4E87-B20B-4345181109E8}.Debug|Any CPU.Build.0 = Debug|Any CPU
		{8B517615-6402-4E87-B20B-4345181109E8}.Release|Any CPU.ActiveCfg = Release|Any CPU
		{8B517615-6402-4E87-B20B-4345181109E8}.Release|Any CPU.Build.0 = Release|Any CPU
	EndGlobalSection
	GlobalSection(SolutionProperties) = preSolution
		HideSolutionNode = FALSE
	EndGlobalSection
	GlobalSection(NestedProjects) = preSolution
		{A6425BCC-749B-4A79-8DF6-CD9C13B7B6CF} = {281F7115-54EE-4ECF-A092-60FD2CA45BE5}
		{0D6F513F-EB2D-45B5-B9BA-87F88CB06B58} = {281F7115-54EE-4ECF-A092-60FD2CA45BE5}
		{D8027359-7CE7-4D1D-993D-46C1E4F97C69} = {281F7115-54EE-4ECF-A092-60FD2CA45BE5}
		{5D7A4B15-1AAB-4CDF-B472-5C74515365F2} = {281F7115-54EE-4ECF-A092-60FD2CA45BE5}
		{391B63AD-9B6E-413F-9A4F-3C608117755C} = {2DADAB87-8454-4A2B-AD13-C7F2CC553D16}
		{86EEDE30-1967-4A4D-883B-897206EB02C6} = {2DADAB87-8454-4A2B-AD13-C7F2CC553D16}
		{98DC4402-E839-4899-AF6B-92558D5AB064} = {2DADAB87-8454-4A2B-AD13-C7F2CC553D16}
		{7B874533-BF42-482F-92ED-443474C63D96} = {2DADAB87-8454-4A2B-AD13-C7F2CC553D16}
		{140DBD23-3187-43B3-8D89-31D754F239AC} = {2DADAB87-8454-4A2B-AD13-C7F2CC553D16}
		{A191824F-4F69-49BF-B0CE-D5E6CA21BC0B} = {2DADAB87-8454-4A2B-AD13-C7F2CC553D16}
		{8B517615-6402-4E87-B20B-4345181109E8} = {2DADAB87-8454-4A2B-AD13-C7F2CC553D16}
	EndGlobalSection
	GlobalSection(ExtensibilityGlobals) = postSolution
		SolutionGuid = {6EA81252-2F1B-46C9-927B-91713EA70ED9}
	EndGlobalSection
EndGlobal
