
Microsoft Visual Studio Solution File, Format Version 12.00
# Visual Studio Version 16
VisualStudioVersion = 16.0.31624.102
MinimumVisualStudioVersion = 10.0.40219.1
Project("{FAE04EC0-301F-11D3-BF4B-00C04F79EFBC}") = "Certificacao-CSharp-Parte8", "Certificacao-CSharp-Parte8\Certificacao-CSharp-Parte8.csproj", "{FEADA8FE-5E10-42ED-B379-51F970F94F1C}"
EndProject
Global
	GlobalSection(SolutionConfigurationPlatforms) = preSolution
		Debug|Any CPU = Debug|Any CPU
		Release|Any CPU = Release|Any CPU
	EndGlobalSection
	GlobalSection(ProjectConfigurationPlatforms) = postSolution
		{FEADA8FE-5E10-42ED-B379-51F970F94F1C}.Debug|Any CPU.ActiveCfg = Debug|Any CPU
		{FEADA8FE-5E10-42ED-B379-51F970F94F1C}.Debug|Any CPU.Build.0 = Debug|Any CPU
		{FEADA8FE-5E10-42ED-B379-51F970F94F1C}.Release|Any CPU.ActiveCfg = Release|Any CPU
		{FEADA8FE-5E10-42ED-B379-51F970F94F1C}.Release|Any CPU.Build.0 = Release|Any CPU
	EndGlobalSection
	GlobalSection(SolutionProperties) = preSolution
		HideSolutionNode = FALSE
	EndGlobalSection
	GlobalSection(ExtensibilityGlobals) = postSolution
		SolutionGuid = {30FFBAEA-826B-4570-B119-3990D7959CAD}
	EndGlobalSection
EndGlobal
