
Microsoft Visual Studio Solution File, Format Version 12.00
# Visual Studio Version 16
VisualStudioVersion = 16.0.31624.102
MinimumVisualStudioVersion = 10.0.40219.1
Project("{2150E333-8FDC-42A3-9474-1A3956D46DE8}") = "01 eventos", "01 eventos", "{A6B0F387-81BC-4D0A-A23B-5EA527BAC663}"
EndProject
Project("{2150E333-8FDC-42A3-9474-1A3956D46DE8}") = "01.01 criar eventos", "01.01 criar eventos", "{28E5AFD9-9CDB-4928-B045-9BEF6542D196}"
EndProject
Project("{FAE04EC0-301F-11D3-BF4B-00C04F79EFBC}") = "01.01", "01.01\01.01.csproj", "{5D114594-3C20-4B24-A1D1-F8A84EFF6CA2}"
EndProject
Project("{2150E333-8FDC-42A3-9474-1A3956D46DE8}") = "01.02 assinar eventos", "01.02 assinar eventos", "{B32C1AAF-5585-4532-BC46-98FA268E5D1E}"
EndProject
Project("{FAE04EC0-301F-11D3-BF4B-00C04F79EFBC}") = "01.02", "01.02\01.02.csproj", "{8CDBAE42-4502-4821-9F69-575796992735}"
EndProject
Project("{2150E333-8FDC-42A3-9474-1A3956D46DE8}") = "01.03 delegados", "01.03 delegados", "{33550DA9-AB55-4E1D-98A6-4DC5083181F1}"
EndProject
Project("{FAE04EC0-301F-11D3-BF4B-00C04F79EFBC}") = "01.03", "01.03\01.03.csproj", "{153E05BD-21AA-469C-AB13-71989D39349B}"
EndProject
Project("{2150E333-8FDC-42A3-9474-1A3956D46DE8}") = "01.04 lambda", "01.04 lambda", "{571F244B-0FEE-40AA-9CDF-08C01E4A5117}"
EndProject
Project("{FAE04EC0-301F-11D3-BF4B-00C04F79EFBC}") = "01.04", "01.04\01.04.csproj", "{4665D44E-D4C3-404B-8D1E-7183BC913817}"
EndProject
Global
	GlobalSection(SolutionConfigurationPlatforms) = preSolution
		Debug|Any CPU = Debug|Any CPU
		Release|Any CPU = Release|Any CPU
	EndGlobalSection
	GlobalSection(ProjectConfigurationPlatforms) = postSolution
		{5D114594-3C20-4B24-A1D1-F8A84EFF6CA2}.Debug|Any CPU.ActiveCfg = Debug|Any CPU
		{5D114594-3C20-4B24-A1D1-F8A84EFF6CA2}.Debug|Any CPU.Build.0 = Debug|Any CPU
		{5D114594-3C20-4B24-A1D1-F8A84EFF6CA2}.Release|Any CPU.ActiveCfg = Release|Any CPU
		{5D114594-3C20-4B24-A1D1-F8A84EFF6CA2}.Release|Any CPU.Build.0 = Release|Any CPU
		{8CDBAE42-4502-4821-9F69-575796992735}.Debug|Any CPU.ActiveCfg = Debug|Any CPU
		{8CDBAE42-4502-4821-9F69-575796992735}.Debug|Any CPU.Build.0 = Debug|Any CPU
		{8CDBAE42-4502-4821-9F69-575796992735}.Release|Any CPU.ActiveCfg = Release|Any CPU
		{8CDBAE42-4502-4821-9F69-575796992735}.Release|Any CPU.Build.0 = Release|Any CPU
		{153E05BD-21AA-469C-AB13-71989D39349B}.Debug|Any CPU.ActiveCfg = Debug|Any CPU
		{153E05BD-21AA-469C-AB13-71989D39349B}.Debug|Any CPU.Build.0 = Debug|Any CPU
		{153E05BD-21AA-469C-AB13-71989D39349B}.Release|Any CPU.ActiveCfg = Release|Any CPU
		{153E05BD-21AA-469C-AB13-71989D39349B}.Release|Any CPU.Build.0 = Release|Any CPU
		{4665D44E-D4C3-404B-8D1E-7183BC913817}.Debug|Any CPU.ActiveCfg = Debug|Any CPU
		{4665D44E-D4C3-404B-8D1E-7183BC913817}.Debug|Any CPU.Build.0 = Debug|Any CPU
		{4665D44E-D4C3-404B-8D1E-7183BC913817}.Release|Any CPU.ActiveCfg = Release|Any CPU
		{4665D44E-D4C3-404B-8D1E-7183BC913817}.Release|Any CPU.Build.0 = Release|Any CPU
	EndGlobalSection
	GlobalSection(SolutionProperties) = preSolution
		HideSolutionNode = FALSE
	EndGlobalSection
	GlobalSection(NestedProjects) = preSolution
		{28E5AFD9-9CDB-4928-B045-9BEF6542D196} = {A6B0F387-81BC-4D0A-A23B-5EA527BAC663}
		{5D114594-3C20-4B24-A1D1-F8A84EFF6CA2} = {28E5AFD9-9CDB-4928-B045-9BEF6542D196}
		{B32C1AAF-5585-4532-BC46-98FA268E5D1E} = {A6B0F387-81BC-4D0A-A23B-5EA527BAC663}
		{8CDBAE42-4502-4821-9F69-575796992735} = {B32C1AAF-5585-4532-BC46-98FA268E5D1E}
		{33550DA9-AB55-4E1D-98A6-4DC5083181F1} = {A6B0F387-81BC-4D0A-A23B-5EA527BAC663}
		{153E05BD-21AA-469C-AB13-71989D39349B} = {33550DA9-AB55-4E1D-98A6-4DC5083181F1}
		{571F244B-0FEE-40AA-9CDF-08C01E4A5117} = {A6B0F387-81BC-4D0A-A23B-5EA527BAC663}
		{4665D44E-D4C3-404B-8D1E-7183BC913817} = {571F244B-0FEE-40AA-9CDF-08C01E4A5117}
	EndGlobalSection
	GlobalSection(ExtensibilityGlobals) = postSolution
		SolutionGuid = {A0F6525A-CFEA-40C3-BF5E-0C1B7FE2ED48}
	EndGlobalSection
EndGlobal
